{
  "name": "my-js-cookie",
  "lockfileVersion": 2,
  "requires": true,
  "packages": {
    "": {
      "devDependencies": {
        "treer": "^1.0.4"
      }
    },
    "node_modules/commander": {
      "version": "2.20.3",
      "resolved": "https://registry.npmjs.org/commander/-/commander-2.20.3.tgz",
      "integrity": "sha512-GpVkmM8vF2vQUkj2LvZmD35JxeJOLCwJ9cUkugyk2nuhbv3+mJvpLYYt+0+USMxE+oj+ey/lJEnhZw75x/OMcQ==",
      "dev": true
    },
    "node_modules/treer": {
      "version": "1.0.4",
      "resolved": "https://registry.npmjs.org/treer/-/treer-1.0.4.tgz",
      "integrity": "sha512-Q2oAOOxzGYq+/KoKT1bZSSwDL4Y4WYukjiYBAn6GrNlt1xKKf5JS216dsSzkPDoYTHA9CXdbYkehUG7F1JT+5A==",
      "dev": true,
      "dependencies": {
        "commander": "^2.9.0"
      },
      "bin": {
        "treer": "src/index.js"
      }
    }
  },
  "dependencies": {
    "commander": {
      "version": "2.20.3",
      "resolved": "https://registry.npmjs.org/commander/-/commander-2.20.3.tgz",
      "integrity": "sha512-GpVkmM8vF2vQUkj2LvZmD35JxeJOLCwJ9cUkugyk2nuhbv3+mJvpLYYt+0+USMxE+oj+ey/lJEnhZw75x/OMcQ==",
      "dev": true
    },
    "treer": {
      "version": "1.0.4",
      "resolved": "https://registry.npmjs.org/treer/-/treer-1.0.4.tgz",
      "integrity": "sha512-Q2oAOOxzGYq+/KoKT1bZSSwDL4Y4WYukjiYBAn6GrNlt1xKKf5JS216dsSzkPDoYTHA9CXdbYkehUG7F1JT+5A==",
      "dev": true,
      "requires": {
        "commander": "^2.9.0"
      }
    }
  }
}
